
Microsoft Visual Studio Solution File, Format Version 12.00
# Visual Studio Version 17
VisualStudioVersion = 17.6.33829.357
MinimumVisualStudioVersion = 10.0.40219.1
Project("{FAE04EC0-301F-11D3-BF4B-00C04F79EFBC}") = "PAI_Lab1", "PAI_Lab1\PAI_Lab1.csproj", "{F342CF6A-16F3-4059-9202-C5DF551308B4}"
EndProject
Global
	GlobalSection(SolutionConfigurationPlatforms) = preSolution
		Debug|Any CPU = Debug|Any CPU
		Release|Any CPU = Release|Any CPU
	EndGlobalSection
	GlobalSection(ProjectConfigurationPlatforms) = postSolution
		{F342CF6A-16F3-4059-9202-C5DF551308B4}.Debug|Any CPU.ActiveCfg = Debug|Any CPU
		{F342CF6A-16F3-4059-9202-C5DF551308B4}.Debug|Any CPU.Build.0 = Debug|Any CPU
		{F342CF6A-16F3-4059-9202-C5DF551308B4}.Release|Any CPU.ActiveCfg = Release|Any CPU
		{F342CF6A-16F3-4059-9202-C5DF551308B4}.Release|Any CPU.Build.0 = Release|Any CPU
	EndGlobalSection
	GlobalSection(SolutionProperties) = preSolution
		HideSolutionNode = FALSE
	EndGlobalSection
	GlobalSection(ExtensibilityGlobals) = postSolution
		SolutionGuid = {6B581B32-3D7D-4314-A25C-A7008D766331}
	EndGlobalSection
EndGlobal
